// !$*UTF8*$!
{
	archiveVersion = 1;
	classes = {
	};
	objectVersion = 46;
	objects = {

/* Begin PBXAggregateTarget section */
		"SwiftMultiaddr::SwiftMultiaddrPackageTests::ProductTarget" /* SwiftMultiaddrPackageTests */ = {
			isa = PBXAggregateTarget;
			buildConfigurationList = OBJ_38 /* Build configuration list for PBXAggregateTarget "SwiftMultiaddrPackageTests" */;
			buildPhases = (
			);
			dependencies = (
				OBJ_41 /* PBXTargetDependency */,
			);
			name = SwiftMultiaddrPackageTests;
			productName = SwiftMultiaddrPackageTests;
		};
/* End PBXAggregateTarget section */

/* Begin PBXBuildFile section */
		AC12B584987F473283034B63 /* ProtocolsTest.swift in Sources */ = {isa = PBXBuildFile; fileRef = AC12B31B407ABD81A394CB9D /* ProtocolsTest.swift */; };
		AC12B7FBF602CC6A71B1D7C3 /* IpUtilTests.swift in Sources */ = {isa = PBXBuildFile; fileRef = AC12BFBD9DA18C456D1B5F92 /* IpUtilTests.swift */; };
		AC12BC4B1CBCFBAC8C03DC61 /* CodecTests.swift in Sources */ = {isa = PBXBuildFile; fileRef = AC12BBB59BBFAA071483D4E5 /* CodecTests.swift */; };
		OBJ_25 /* Base32.swift in Sources */ = {isa = PBXBuildFile; fileRef = OBJ_9 /* Base32.swift */; };
		OBJ_26 /* Codec.swift in Sources */ = {isa = PBXBuildFile; fileRef = OBJ_10 /* Codec.swift */; };
		OBJ_27 /* IPUtil.swift in Sources */ = {isa = PBXBuildFile; fileRef = OBJ_11 /* IPUtil.swift */; };
		OBJ_28 /* MultiAddr.swift in Sources */ = {isa = PBXBuildFile; fileRef = OBJ_12 /* MultiAddr.swift */; };
		OBJ_29 /* Protocols.swift in Sources */ = {isa = PBXBuildFile; fileRef = OBJ_13 /* Protocols.swift */; };
		OBJ_36 /* Package.swift in Sources */ = {isa = PBXBuildFile; fileRef = OBJ_6 /* Package.swift */; };
		OBJ_47 /* SwiftMultiaddrTests.swift in Sources */ = {isa = PBXBuildFile; fileRef = OBJ_16 /* SwiftMultiaddrTests.swift */; };
		OBJ_49 /* SwiftMultiaddr.framework in Frameworks */ = {isa = PBXBuildFile; fileRef = "SwiftMultiaddr::SwiftMultiaddr::Product" /* SwiftMultiaddr.framework */; };
/* End PBXBuildFile section */

/* Begin PBXFileReference section */
		AC12B31B407ABD81A394CB9D /* ProtocolsTest.swift */ = {isa = PBXFileReference; fileEncoding = 4; lastKnownFileType = sourcecode.swift; path = ProtocolsTest.swift; sourceTree = "<group>"; };
		AC12BBB59BBFAA071483D4E5 /* CodecTests.swift */ = {isa = PBXFileReference; fileEncoding = 4; lastKnownFileType = sourcecode.swift; path = CodecTests.swift; sourceTree = "<group>"; };
		AC12BF0A47FFE2AF0F947DEA /* Info.plist */ = {isa = PBXFileReference; fileEncoding = 4; lastKnownFileType = text.plist.info; path = Info.plist; sourceTree = "<group>"; };
		AC12BFBD9DA18C456D1B5F92 /* IpUtilTests.swift */ = {isa = PBXFileReference; fileEncoding = 4; lastKnownFileType = sourcecode.swift; path = IpUtilTests.swift; sourceTree = "<group>"; };
		OBJ_10 /* Codec.swift */ = {isa = PBXFileReference; path = Codec.swift; sourceTree = "<group>"; };
		OBJ_11 /* IPUtil.swift */ = {isa = PBXFileReference; path = IPUtil.swift; sourceTree = "<group>"; };
		OBJ_12 /* MultiAddr.swift */ = {isa = PBXFileReference; path = MultiAddr.swift; sourceTree = "<group>"; };
		OBJ_13 /* Protocols.swift */ = {isa = PBXFileReference; path = Protocols.swift; sourceTree = "<group>"; };
		OBJ_16 /* SwiftMultiaddrTests.swift */ = {isa = PBXFileReference; path = SwiftMultiaddrTests.swift; sourceTree = "<group>"; };
		OBJ_6 /* Package.swift */ = {isa = PBXFileReference; explicitFileType = sourcecode.swift; path = Package.swift; sourceTree = "<group>"; };
		OBJ_9 /* Base32.swift */ = {isa = PBXFileReference; path = Base32.swift; sourceTree = "<group>"; };
		"SwiftMultiaddr::SwiftMultiaddr::Product" /* SwiftMultiaddr.framework */ = {isa = PBXFileReference; path = SwiftMultiaddr.framework; sourceTree = BUILT_PRODUCTS_DIR; };
		"SwiftMultiaddr::SwiftMultiaddrTests::Product" /* SwiftMultiaddrTests.xctest */ = {isa = PBXFileReference; path = SwiftMultiaddrTests.xctest; sourceTree = BUILT_PRODUCTS_DIR; };
/* End PBXFileReference section */

/* Begin PBXFrameworksBuildPhase section */
		OBJ_30 /* Frameworks */ = {
			isa = PBXFrameworksBuildPhase;
			files = (
			);
		};
		OBJ_48 /* Frameworks */ = {
			isa = PBXFrameworksBuildPhase;
			files = (
				OBJ_49 /* SwiftMultiaddr.framework in Frameworks */,
			);
		};
/* End PBXFrameworksBuildPhase section */

/* Begin PBXGroup section */
		OBJ_14 /* Tests */ = {
			isa = PBXGroup;
			children = (
				OBJ_15 /* SwiftMultiaddrTests */,
			);
			name = Tests;
			path = "";
			sourceTree = SOURCE_ROOT;
		};
		OBJ_15 /* SwiftMultiaddrTests */ = {
			isa = PBXGroup;
			children = (
				OBJ_16 /* SwiftMultiaddrTests.swift */,
				AC12BF0A47FFE2AF0F947DEA /* Info.plist */,
				AC12BBB59BBFAA071483D4E5 /* CodecTests.swift */,
				AC12BFBD9DA18C456D1B5F92 /* IpUtilTests.swift */,
				AC12B31B407ABD81A394CB9D /* ProtocolsTest.swift */,
			);
			name = SwiftMultiaddrTests;
			path = Tests/SwiftMultiaddrTests;
			sourceTree = SOURCE_ROOT;
		};
		OBJ_17 /* Products */ = {
			isa = PBXGroup;
			children = (
				"SwiftMultiaddr::SwiftMultiaddrTests::Product" /* SwiftMultiaddrTests.xctest */,
				"SwiftMultiaddr::SwiftMultiaddr::Product" /* SwiftMultiaddr.framework */,
			);
			name = Products;
			path = "";
			sourceTree = BUILT_PRODUCTS_DIR;
		};
		OBJ_5 /*  */ = {
			isa = PBXGroup;
			children = (
				OBJ_6 /* Package.swift */,
				OBJ_7 /* Sources */,
				OBJ_14 /* Tests */,
				OBJ_17 /* Products */,
			);
			path = "";
			sourceTree = "<group>";
		};
		OBJ_7 /* Sources */ = {
			isa = PBXGroup;
			children = (
				OBJ_8 /* SwiftMultiaddr */,
			);
			name = Sources;
			path = "";
			sourceTree = SOURCE_ROOT;
		};
		OBJ_8 /* SwiftMultiaddr */ = {
			isa = PBXGroup;
			children = (
				OBJ_9 /* Base32.swift */,
				OBJ_10 /* Codec.swift */,
				OBJ_11 /* IPUtil.swift */,
				OBJ_12 /* MultiAddr.swift */,
				OBJ_13 /* Protocols.swift */,
			);
			name = SwiftMultiaddr;
			path = Sources/SwiftMultiaddr;
			sourceTree = SOURCE_ROOT;
		};
/* End PBXGroup section */

/* Begin PBXNativeTarget section */
		"SwiftMultiaddr::SwiftMultiaddr" /* SwiftMultiaddr */ = {
			isa = PBXNativeTarget;
			buildConfigurationList = OBJ_21 /* Build configuration list for PBXNativeTarget "SwiftMultiaddr" */;
			buildPhases = (
				OBJ_24 /* Sources */,
				OBJ_30 /* Frameworks */,
			);
			dependencies = (
			);
			name = SwiftMultiaddr;
			productName = SwiftMultiaddr;
			productReference = "SwiftMultiaddr::SwiftMultiaddr::Product" /* SwiftMultiaddr.framework */;
			productType = "com.apple.product-type.framework";
		};
		"SwiftMultiaddr::SwiftMultiaddrTests" /* SwiftMultiaddrTests */ = {
			isa = PBXNativeTarget;
			buildConfigurationList = OBJ_43 /* Build configuration list for PBXNativeTarget "SwiftMultiaddrTests" */;
			buildPhases = (
				OBJ_46 /* Sources */,
				OBJ_48 /* Frameworks */,
			);
			dependencies = (
				OBJ_50 /* PBXTargetDependency */,
			);
			name = SwiftMultiaddrTests;
			productName = SwiftMultiaddrTests;
			productReference = "SwiftMultiaddr::SwiftMultiaddrTests::Product" /* SwiftMultiaddrTests.xctest */;
			productType = "com.apple.product-type.bundle.unit-test";
		};
		"SwiftMultiaddr::SwiftPMPackageDescription" /* SwiftMultiaddrPackageDescription */ = {
			isa = PBXNativeTarget;
			buildConfigurationList = OBJ_32 /* Build configuration list for PBXNativeTarget "SwiftMultiaddrPackageDescription" */;
			buildPhases = (
				OBJ_35 /* Sources */,
			);
			dependencies = (
			);
			name = SwiftMultiaddrPackageDescription;
			productName = SwiftMultiaddrPackageDescription;
			productType = "com.apple.product-type.framework";
		};
/* End PBXNativeTarget section */

/* Begin PBXProject section */
		OBJ_1 /* Project object */ = {
			isa = PBXProject;
			attributes = {
				LastUpgradeCheck = 9999;
			};
			buildConfigurationList = OBJ_2 /* Build configuration list for PBXProject "SwiftMultiaddr" */;
			compatibilityVersion = "Xcode 3.2";
			developmentRegion = English;
			hasScannedForEncodings = 0;
			knownRegions = (
				en,
			);
			mainGroup = OBJ_5 /*  */;
			productRefGroup = OBJ_17 /* Products */;
			projectDirPath = .;
			targets = (
				"SwiftMultiaddr::SwiftMultiaddr" /* SwiftMultiaddr */,
				"SwiftMultiaddr::SwiftPMPackageDescription" /* SwiftMultiaddrPackageDescription */,
				"SwiftMultiaddr::SwiftMultiaddrPackageTests::ProductTarget" /* SwiftMultiaddrPackageTests */,
				"SwiftMultiaddr::SwiftMultiaddrTests" /* SwiftMultiaddrTests */,
			);
		};
/* End PBXProject section */

/* Begin PBXSourcesBuildPhase section */
		OBJ_24 /* Sources */ = {
			isa = PBXSourcesBuildPhase;
			files = (
				OBJ_25 /* Base32.swift in Sources */,
				OBJ_26 /* Codec.swift in Sources */,
				OBJ_27 /* IPUtil.swift in Sources */,
				OBJ_28 /* MultiAddr.swift in Sources */,
				OBJ_29 /* Protocols.swift in Sources */,
			);
		};
		OBJ_35 /* Sources */ = {
			isa = PBXSourcesBuildPhase;
			files = (
				OBJ_36 /* Package.swift in Sources */,
			);
		};
		OBJ_46 /* Sources */ = {
			isa = PBXSourcesBuildPhase;
			files = (
				OBJ_47 /* SwiftMultiaddrTests.swift in Sources */,
				AC12BC4B1CBCFBAC8C03DC61 /* CodecTests.swift in Sources */,
				AC12B7FBF602CC6A71B1D7C3 /* IpUtilTests.swift in Sources */,
				AC12B584987F473283034B63 /* ProtocolsTest.swift in Sources */,
			);
		};
/* End PBXSourcesBuildPhase section */

/* Begin PBXTargetDependency section */
		OBJ_41 /* PBXTargetDependency */ = {
			isa = PBXTargetDependency;
			target = "SwiftMultiaddr::SwiftMultiaddrTests" /* SwiftMultiaddrTests */;
		};
		OBJ_50 /* PBXTargetDependency */ = {
			isa = PBXTargetDependency;
			target = "SwiftMultiaddr::SwiftMultiaddr" /* SwiftMultiaddr */;
		};
/* End PBXTargetDependency section */

/* Begin XCBuildConfiguration section */
		OBJ_22 /* Debug */ = {
			isa = XCBuildConfiguration;
			buildSettings = {
				ENABLE_TESTABILITY = YES;
				FRAMEWORK_SEARCH_PATHS = (
					"$(inherited)",
					"$(PLATFORM_DIR)/Developer/Library/Frameworks",
				);
				HEADER_SEARCH_PATHS = (
					"$(inherited)",
				);
				INFOPLIST_FILE = SwiftMultiaddr.xcodeproj/SwiftMultiaddr_Info.plist;
				LD_RUNPATH_SEARCH_PATHS = (
					"$(inherited)",
					"$(TOOLCHAIN_DIR)/usr/lib/swift/macosx",
				);
				OTHER_CFLAGS = (
					"$(inherited)",
				);
				OTHER_LDFLAGS = (
					"$(inherited)",
				);
				OTHER_SWIFT_FLAGS = (
					"$(inherited)",
				);
				PRODUCT_BUNDLE_IDENTIFIER = SwiftMultiaddr;
				PRODUCT_MODULE_NAME = "$(TARGET_NAME:c99extidentifier)";
				PRODUCT_NAME = "$(TARGET_NAME:c99extidentifier)";
				SKIP_INSTALL = YES;
				SWIFT_ACTIVE_COMPILATION_CONDITIONS = (
					"$(inherited)",
				);
				SWIFT_VERSION = 4.2;
				TARGET_NAME = SwiftMultiaddr;
			};
			name = Debug;
		};
		OBJ_23 /* Release */ = {
			isa = XCBuildConfiguration;
			buildSettings = {
				ENABLE_TESTABILITY = YES;
				FRAMEWORK_SEARCH_PATHS = (
					"$(inherited)",
					"$(PLATFORM_DIR)/Developer/Library/Frameworks",
				);
				HEADER_SEARCH_PATHS = (
					"$(inherited)",
				);
				INFOPLIST_FILE = SwiftMultiaddr.xcodeproj/SwiftMultiaddr_Info.plist;
				LD_RUNPATH_SEARCH_PATHS = (
					"$(inherited)",
					"$(TOOLCHAIN_DIR)/usr/lib/swift/macosx",
				);
				OTHER_CFLAGS = (
					"$(inherited)",
				);
				OTHER_LDFLAGS = (
					"$(inherited)",
				);
				OTHER_SWIFT_FLAGS = (
					"$(inherited)",
				);
				PRODUCT_BUNDLE_IDENTIFIER = SwiftMultiaddr;
				PRODUCT_MODULE_NAME = "$(TARGET_NAME:c99extidentifier)";
				PRODUCT_NAME = "$(TARGET_NAME:c99extidentifier)";
				SKIP_INSTALL = YES;
				SWIFT_ACTIVE_COMPILATION_CONDITIONS = (
					"$(inherited)",
				);
				SWIFT_VERSION = 4.2;
				TARGET_NAME = SwiftMultiaddr;
			};
			name = Release;
		};
		OBJ_3 /* Debug */ = {
			isa = XCBuildConfiguration;
			buildSettings = {
				CLANG_ENABLE_OBJC_ARC = YES;
				COMBINE_HIDPI_IMAGES = YES;
				COPY_PHASE_STRIP = NO;
				DEBUG_INFORMATION_FORMAT = dwarf;
				DYLIB_INSTALL_NAME_BASE = "@rpath";
				ENABLE_NS_ASSERTIONS = YES;
				GCC_OPTIMIZATION_LEVEL = 0;
				GCC_PREPROCESSOR_DEFINITIONS = (
					"DEBUG=1",
					"$(inherited)",
				);
				MACOSX_DEPLOYMENT_TARGET = 10.10;
				ONLY_ACTIVE_ARCH = YES;
				OTHER_SWIFT_FLAGS = (
					"-DXcode",
				);
				PRODUCT_NAME = "$(TARGET_NAME)";
				SDKROOT = macosx;
				SUPPORTED_PLATFORMS = (
					macosx,
					iphoneos,
					iphonesimulator,
					appletvos,
					appletvsimulator,
					watchos,
					watchsimulator,
				);
				SWIFT_ACTIVE_COMPILATION_CONDITIONS = (
					SWIFT_PACKAGE,
					DEBUG,
				);
				SWIFT_OPTIMIZATION_LEVEL = "-Onone";
				USE_HEADERMAP = NO;
			};
			name = Debug;
		};
		OBJ_33 /* Debug */ = {
			isa = XCBuildConfiguration;
			buildSettings = {
				LD = /usr/bin/true;
				OTHER_SWIFT_FLAGS = (
					"-swift-version",
					4.2,
					"-I",
					"$(TOOLCHAIN_DIR)/usr/lib/swift/pm/4_2",
					"-target",
					"x86_64-apple-macosx10.10",
					"-sdk",
					/Applications/Xcode.app/Contents/Developer/Platforms/MacOSX.platform/Developer/SDKs/MacOSX10.14.sdk,
				);
				SWIFT_VERSION = 4.2;
			};
			name = Debug;
		};
		OBJ_34 /* Release */ = {
			isa = XCBuildConfiguration;
			buildSettings = {
				LD = /usr/bin/true;
				OTHER_SWIFT_FLAGS = (
					"-swift-version",
					4.2,
					"-I",
					"$(TOOLCHAIN_DIR)/usr/lib/swift/pm/4_2",
					"-target",
					"x86_64-apple-macosx10.10",
					"-sdk",
					/Applications/Xcode.app/Contents/Developer/Platforms/MacOSX.platform/Developer/SDKs/MacOSX10.14.sdk,
				);
				SWIFT_VERSION = 4.2;
			};
			name = Release;
		};
		OBJ_39 /* Debug */ = {
			isa = XCBuildConfiguration;
			buildSettings = {
			};
			name = Debug;
		};
		OBJ_4 /* Release */ = {
			isa = XCBuildConfiguration;
			buildSettings = {
				CLANG_ENABLE_OBJC_ARC = YES;
				COMBINE_HIDPI_IMAGES = YES;
				COPY_PHASE_STRIP = YES;
				DEBUG_INFORMATION_FORMAT = "dwarf-with-dsym";
				DYLIB_INSTALL_NAME_BASE = "@rpath";
				GCC_OPTIMIZATION_LEVEL = s;
				MACOSX_DEPLOYMENT_TARGET = 10.10;
				OTHER_SWIFT_FLAGS = (
					"-DXcode",
				);
				PRODUCT_NAME = "$(TARGET_NAME)";
				SDKROOT = macosx;
				SUPPORTED_PLATFORMS = (
					macosx,
					iphoneos,
					iphonesimulator,
					appletvos,
					appletvsimulator,
					watchos,
					watchsimulator,
				);
				SWIFT_ACTIVE_COMPILATION_CONDITIONS = (
					SWIFT_PACKAGE,
				);
				SWIFT_OPTIMIZATION_LEVEL = "-Owholemodule";
				USE_HEADERMAP = NO;
			};
			name = Release;
		};
		OBJ_40 /* Release */ = {
			isa = XCBuildConfiguration;
			buildSettings = {
			};
			name = Release;
		};
		OBJ_44 /* Debug */ = {
			isa = XCBuildConfiguration;
			buildSettings = {
				CLANG_ENABLE_MODULES = YES;
				EMBEDDED_CONTENT_CONTAINS_SWIFT = YES;
				FRAMEWORK_SEARCH_PATHS = (
					"$(inherited)",
					"$(PLATFORM_DIR)/Developer/Library/Frameworks",
				);
				HEADER_SEARCH_PATHS = (
					"$(inherited)",
				);
				INFOPLIST_FILE = SwiftMultiaddr.xcodeproj/SwiftMultiaddrTests_Info.plist;
				LD_RUNPATH_SEARCH_PATHS = (
					"$(inherited)",
					"@loader_path/../Frameworks",
					"@loader_path/Frameworks",
				);
				OTHER_CFLAGS = (
					"$(inherited)",
				);
				OTHER_LDFLAGS = (
					"$(inherited)",
				);
				OTHER_SWIFT_FLAGS = (
					"$(inherited)",
				);
				SWIFT_ACTIVE_COMPILATION_CONDITIONS = (
					"$(inherited)",
				);
				SWIFT_VERSION = 4.2;
				TARGET_NAME = SwiftMultiaddrTests;
			};
			name = Debug;
		};
		OBJ_45 /* Release */ = {
			isa = XCBuildConfiguration;
			buildSettings = {
				CLANG_ENABLE_MODULES = YES;
				EMBEDDED_CONTENT_CONTAINS_SWIFT = YES;
				FRAMEWORK_SEARCH_PATHS = (
					"$(inherited)",
					"$(PLATFORM_DIR)/Developer/Library/Frameworks",
				);
				HEADER_SEARCH_PATHS = (
					"$(inherited)",
				);
				INFOPLIST_FILE = SwiftMultiaddr.xcodeproj/SwiftMultiaddrTests_Info.plist;
				LD_RUNPATH_SEARCH_PATHS = (
					"$(inherited)",
					"@loader_path/../Frameworks",
					"@loader_path/Frameworks",
				);
				OTHER_CFLAGS = (
					"$(inherited)",
				);
				OTHER_LDFLAGS = (
					"$(inherited)",
				);
				OTHER_SWIFT_FLAGS = (
					"$(inherited)",
				);
				SWIFT_ACTIVE_COMPILATION_CONDITIONS = (
					"$(inherited)",
				);
				SWIFT_VERSION = 4.2;
				TARGET_NAME = SwiftMultiaddrTests;
			};
			name = Release;
		};
/* End XCBuildConfiguration section */

/* Begin XCConfigurationList section */
		OBJ_2 /* Build configuration list for PBXProject "SwiftMultiaddr" */ = {
			isa = XCConfigurationList;
			buildConfigurations = (
				OBJ_3 /* Debug */,
				OBJ_4 /* Release */,
			);
			defaultConfigurationIsVisible = 0;
			defaultConfigurationName = Release;
		};
		OBJ_21 /* Build configuration list for PBXNativeTarget "SwiftMultiaddr" */ = {
			isa = XCConfigurationList;
			buildConfigurations = (
				OBJ_22 /* Debug */,
				OBJ_23 /* Release */,
			);
			defaultConfigurationIsVisible = 0;
			defaultConfigurationName = Release;
		};
		OBJ_32 /* Build configuration list for PBXNativeTarget "SwiftMultiaddrPackageDescription" */ = {
			isa = XCConfigurationList;
			buildConfigurations = (
				OBJ_33 /* Debug */,
				OBJ_34 /* Release */,
			);
			defaultConfigurationIsVisible = 0;
			defaultConfigurationName = Release;
		};
		OBJ_38 /* Build configuration list for PBXAggregateTarget "SwiftMultiaddrPackageTests" */ = {
			isa = XCConfigurationList;
			buildConfigurations = (
				OBJ_39 /* Debug */,
				OBJ_40 /* Release */,
			);
			defaultConfigurationIsVisible = 0;
			defaultConfigurationName = Release;
		};
		OBJ_43 /* Build configuration list for PBXNativeTarget "SwiftMultiaddrTests" */ = {
			isa = XCConfigurationList;
			buildConfigurations = (
				OBJ_44 /* Debug */,
				OBJ_45 /* Release */,
			);
			defaultConfigurationIsVisible = 0;
			defaultConfigurationName = Release;
		};
/* End XCConfigurationList section */
	};
	rootObject = OBJ_1 /* Project object */;
}
